
Microsoft Visual Studio Solution File, Format Version 12.00
# Visual Studio Version 18
VisualStudioVersion = 18.3.11520.95
MinimumVisualStudioVersion = 10.0.40219.1
Project("{FAE04EC0-301F-11D3-BF4B-00C04F79EFBC}") = "StructConsole", "StructConsole.csproj", "{C76E892F-3FF6-49CC-9FA6-FCD7A203B133}"
EndProject
Global
	GlobalSection(SolutionConfigurationPlatforms) = preSolution
		Debug|Any CPU = Debug|Any CPU
		Release|Any CPU = Release|Any CPU
	EndGlobalSection
	GlobalSection(ProjectConfigurationPlatforms) = postSolution
		{C76E892F-3FF6-49CC-9FA6-FCD7A203B133}.Debug|Any CPU.ActiveCfg = Debug|Any CPU
		{C76E892F-3FF6-49CC-9FA6-FCD7A203B133}.Debug|Any CPU.Build.0 = Debug|Any CPU
		{C76E892F-3FF6-49CC-9FA6-FCD7A203B133}.Release|Any CPU.ActiveCfg = Release|Any CPU
		{C76E892F-3FF6-49CC-9FA6-FCD7A203B133}.Release|Any CPU.Build.0 = Release|Any CPU
	EndGlobalSection
	GlobalSection(SolutionProperties) = preSolution
		HideSolutionNode = FALSE
	EndGlobalSection
	GlobalSection(ExtensibilityGlobals) = postSolution
		SolutionGuid = {EAB01872-FE5B-4810-BBB6-7DCA559CE43B}
	EndGlobalSection
EndGlobal
